
Microsoft Visual Studio Solution File, Format Version 12.00
# Visual Studio 2017
Project("{FAE04EC0-301F-11D3-BF4B-00C04F79EFBC}") = "PowerConsole.Plugins", "PowerConsole.Plugins.csproj", "{502080AE-B82F-1048-7D30-7DB7263548DC}"
EndProject
Project("{FAE04EC0-301F-11D3-BF4B-00C04F79EFBC}") = "PowerConsole.Editor.Plugins", "PowerConsole.Editor.Plugins.csproj", "{3943923B-427E-F302-ACE8-5837247062CA}"
EndProject
Global
	GlobalSection(SolutionConfigurationPlatforms) = preSolution
		Debug|Any CPU = Debug|Any CPU
		Release|Any CPU = Release|Any CPU
	EndGlobalSection
	GlobalSection(ProjectConfigurationPlatforms) = postSolution
		{502080AE-B82F-1048-7D30-7DB7263548DC}.Debug|Any CPU.ActiveCfg = Debug|Any CPU
		{502080AE-B82F-1048-7D30-7DB7263548DC}.Debug|Any CPU.Build.0 = Debug|Any CPU
		{502080AE-B82F-1048-7D30-7DB7263548DC}.Release|Any CPU.ActiveCfg = Release|Any CPU
		{502080AE-B82F-1048-7D30-7DB7263548DC}.Release|Any CPU.Build.0 = Release|Any CPU
		{3943923B-427E-F302-ACE8-5837247062CA}.Debug|Any CPU.ActiveCfg = Debug|Any CPU
		{3943923B-427E-F302-ACE8-5837247062CA}.Debug|Any CPU.Build.0 = Debug|Any CPU
		{3943923B-427E-F302-ACE8-5837247062CA}.Release|Any CPU.ActiveCfg = Release|Any CPU
		{3943923B-427E-F302-ACE8-5837247062CA}.Release|Any CPU.Build.0 = Release|Any CPU
	EndGlobalSection
	GlobalSection(SolutionProperties) = preSolution
		HideSolutionNode = FALSE
	EndGlobalSection
EndGlobal
